# @generated by Move, please check-in and do not edit manually.

[move]
version = 2
manifest_digest = "FC5201121679C77D33C2B6333F47EEFF90D52B831FD4A70A2465F0E555E502B2"
deps_digest = "F8BBB0CCB2491CA29A3DF03D6F92277A4F3574266507ACD77214D37ECA3F3082"
dependencies = [
  { name = "Sui" },
]

[[move.package]]
name = "MoveStdlib"
source = { git = "https://github.com/MystenLabs/sui.git", rev = "framework/testnet", subdir = "crates/sui-framework/packages/move-stdlib" }

[[move.package]]
name = "Sui"
source = { git = "https://github.com/MystenLabs/sui.git", rev = "framework/testnet", subdir = "crates/sui-framework/packages/sui-framework" }

dependencies = [
  { name = "MoveStdlib" },
]

[move.toolchain-version]
compiler-version = "1.31.1"
edition = "2024.beta"
flavor = "sui"

[env]

[env.devnet]
chain-id = "f2bac0d4"
original-published-id = "0xe43b539204baf1832e24b4e1a97d7fc118cca6df6afa7efdb18296898c9a0429"
latest-published-id = "0xe43b539204baf1832e24b4e1a97d7fc118cca6df6afa7efdb18296898c9a0429"
published-version = "1"

[env.testnet]
chain-id = "4c78adac"
original-published-id = "0xc125b3123b43d37519bae677f3cf6b3558405ee4b5b70c0002e0fae095f387a0"
latest-published-id = "0xc125b3123b43d37519bae677f3cf6b3558405ee4b5b70c0002e0fae095f387a0"
published-version = "1"
